version = 1
requires-python = ">=3.13"

[[package]]
name = "absl-py"
version = "2.1.0"
source = { registry = "https://pypi.org/simple" }
sdist = { url = "https://files.pythonhosted.org/packages/7a/8f/fc001b92ecc467cc32ab38398bd0bfb45df46e7523bf33c2ad22a505f06e/absl-py-2.1.0.tar.gz", hash = "sha256:7820790efbb316739cde8b4e19357243fc3608a152024288513dd968d7d959ff", size = 118055 }
wheels = [
    { url = "https://files.pythonhosted.org/packages/a2/ad/e0d3c824784ff121c03cc031f944bc7e139a8f1870ffd2845cc2dd76f6c4/absl_py-2.1.0-py3-none-any.whl", hash = "sha256:526a04eadab8b4ee719ce68f204172ead1027549089702d99b9059f129ff1308", size = 133706 },
]

[[package]]
name = "advice-bot"
version = "0.1.0"
source = { virtual = "." }
dependencies = [
    { name = "absl-py" },
    { name = "discord-py" },
    { name = "yapf" },
]

[package.metadata]
requires-dist = [
    { name = "absl-py", specifier = ">=2.1.0" },
    { name = "discord-py", specifier = ">=2.4.0" },
    { name = "yapf", specifier = ">=0.40.2" },
]

[[package]]
name = "aiohappyeyeballs"
version = "2.4.3"
source = { registry = "https://pypi.org/simple" }
sdist = { url = "https://files.pythonhosted.org/packages/bc/69/2f6d5a019bd02e920a3417689a89887b39ad1e350b562f9955693d900c40/aiohappyeyeballs-2.4.3.tar.gz", hash = "sha256:75cf88a15106a5002a8eb1dab212525c00d1f4c0fa96e551c9fbe6f09a621586", size = 21809 }
wheels = [
    { url = "https://files.pythonhosted.org/packages/f7/d8/120cd0fe3e8530df0539e71ba9683eade12cae103dd7543e50d15f737917/aiohappyeyeballs-2.4.3-py3-none-any.whl", hash = "sha256:8a7a83727b2756f394ab2895ea0765a0a8c475e3c71e98d43d76f22b4b435572", size = 14742 },
]

[[package]]
name = "aiohttp"
version = "3.10.10"
source = { registry = "https://pypi.org/simple" }
dependencies = [
    { name = "aiohappyeyeballs" },
    { name = "aiosignal" },
    { name = "attrs" },
    { name = "frozenlist" },
    { name = "multidict" },
    { name = "yarl" },
]
sdist = { url = "https://files.pythonhosted.org/packages/17/7e/16e57e6cf20eb62481a2f9ce8674328407187950ccc602ad07c685279141/aiohttp-3.10.10.tar.gz", hash = "sha256:0631dd7c9f0822cc61c88586ca76d5b5ada26538097d0f1df510b082bad3411a", size = 7542993 }
wheels = [
    { url = "https://files.pythonhosted.org/packages/b1/eb/618b1b76c7fe8082a71c9d62e3fe84c5b9af6703078caa9ec57850a12080/aiohttp-3.10.10-cp313-cp313-macosx_10_13_universal2.whl", hash = "sha256:ad7593bb24b2ab09e65e8a1d385606f0f47c65b5a2ae6c551db67d6653e78c28", size = 576114 },
    { url = "https://files.pythonhosted.org/packages/aa/37/3126995d7869f8b30d05381b81a2d4fb4ec6ad313db788e009bc6d39c211/aiohttp-3.10.10-cp313-cp313-macosx_10_13_x86_64.whl", hash = "sha256:1eb89d3d29adaf533588f209768a9c02e44e4baf832b08118749c5fad191781d", size = 391901 },
    { url = "https://files.pythonhosted.org/packages/3e/f2/8fdfc845be1f811c31ceb797968523813f8e1263ee3e9120d61253f6848f/aiohttp-3.10.10-cp313-cp313-macosx_11_0_arm64.whl", hash = "sha256:3fe407bf93533a6fa82dece0e74dbcaaf5d684e5a51862887f9eaebe6372cd79", size = 387418 },
    { url = "https://files.pythonhosted.org/packages/60/d5/33d2061d36bf07e80286e04b7e0a4de37ce04b5ebfed72dba67659a05250/aiohttp-3.10.10-cp313-cp313-manylinux_2_17_aarch64.manylinux2014_aarch64.whl", hash = "sha256:50aed5155f819873d23520919e16703fc8925e509abbb1a1491b0087d1cd969e", size = 1287073 },
    { url = "https://files.pythonhosted.org/packages/00/52/affb55be16a4747740bd630b4c002dac6c5eac42f9bb64202fc3cf3f1930/aiohttp-3.10.10-cp313-cp313-manylinux_2_17_ppc64le.manylinux2014_ppc64le.whl", hash = "sha256:4f05e9727ce409358baa615dbeb9b969db94324a79b5a5cea45d39bdb01d82e6", size = 1323612 },
    { url = "https://files.pythonhosted.org/packages/94/f2/cddb69b975387daa2182a8442566971d6410b8a0179bb4540d81c97b1611/aiohttp-3.10.10-cp313-cp313-manylinux_2_17_s390x.manylinux2014_s390x.whl", hash = "sha256:3dffb610a30d643983aeb185ce134f97f290f8935f0abccdd32c77bed9388b42", size = 1368406 },
    { url = "https://files.pythonhosted.org/packages/c1/e4/afba7327da4d932da8c6e29aecaf855f9d52dace53ac15bfc8030a246f1b/aiohttp-3.10.10-cp313-cp313-manylinux_2_17_x86_64.manylinux2014_x86_64.whl", hash = "sha256:aa6658732517ddabe22c9036479eabce6036655ba87a0224c612e1ae6af2087e", size = 1282761 },
    { url = "https://files.pythonhosted.org/packages/9f/6b/364856faa0c9031ea76e24ef0f7fef79cddd9fa8e7dba9a1771c6acc56b5/aiohttp-3.10.10-cp313-cp313-manylinux_2_5_i686.manylinux1_i686.manylinux_2_17_i686.manylinux2014_i686.whl", hash = "sha256:741a46d58677d8c733175d7e5aa618d277cd9d880301a380fd296975a9cdd7bc", size = 1236518 },
    { url = "https://files.pythonhosted.org/packages/46/af/c382846f8356fe64a7b5908bb9b477457aa23b71be7ed551013b7b7d4d87/aiohttp-3.10.10-cp313-cp313-musllinux_1_2_aarch64.whl", hash = "sha256:e00e3505cd80440f6c98c6d69269dcc2a119f86ad0a9fd70bccc59504bebd68a", size = 1250344 },
    { url = "https://files.pythonhosted.org/packages/87/53/294f87fc086fd0772d0ab82497beb9df67f0f27a8b3dd5742a2656db2bc6/aiohttp-3.10.10-cp313-cp313-musllinux_1_2_i686.whl", hash = "sha256:ffe595f10566f8276b76dc3a11ae4bb7eba1aac8ddd75811736a15b0d5311414", size = 1248956 },
    { url = "https://files.pythonhosted.org/packages/86/30/7d746717fe11bdfefb88bb6c09c5fc985d85c4632da8bb6018e273899254/aiohttp-3.10.10-cp313-cp313-musllinux_1_2_ppc64le.whl", hash = "sha256:bdfcf6443637c148c4e1a20c48c566aa694fa5e288d34b20fcdc58507882fed3", size = 1293379 },
    { url = "https://files.pythonhosted.org/packages/48/b9/45d670a834458db67a24258e9139ba61fa3bd7d69b98ecf3650c22806f8f/aiohttp-3.10.10-cp313-cp313-musllinux_1_2_s390x.whl", hash = "sha256:d183cf9c797a5291e8301790ed6d053480ed94070637bfaad914dd38b0981f67", size = 1320108 },
    { url = "https://files.pythonhosted.org/packages/72/8c/804bb2e837a175635d2000a0659eafc15b2e9d92d3d81c8f69e141ecd0b0/aiohttp-3.10.10-cp313-cp313-musllinux_1_2_x86_64.whl", hash = "sha256:77abf6665ae54000b98b3c742bc6ea1d1fb31c394bcabf8b5d2c1ac3ebfe7f3b", size = 1281546 },
    { url = "https://files.pythonhosted.org/packages/89/c0/862e6a9de3d6eeb126cd9d9ea388243b70df9b871ce1a42b193b7a4a77fc/aiohttp-3.10.10-cp313-cp313-win32.whl", hash = "sha256:4470c73c12cd9109db8277287d11f9dd98f77fc54155fc71a7738a83ffcc8ea8", size = 357516 },
    { url = "https://files.pythonhosted.org/packages/ae/63/3e1aee3e554263f3f1011cca50d78a4894ae16ce99bf78101ac3a2f0ef74/aiohttp-3.10.10-cp313-cp313-win_amd64.whl", hash = "sha256:486f7aabfa292719a2753c016cc3a8f8172965cabb3ea2e7f7436c7f5a22a151", size = 376785 },
]

[[package]]
name = "aiosignal"
version = "1.3.1"
source = { registry = "https://pypi.org/simple" }
dependencies = [
    { name = "frozenlist" },
]
sdist = { url = "https://files.pythonhosted.org/packages/ae/67/0952ed97a9793b4958e5736f6d2b346b414a2cd63e82d05940032f45b32f/aiosignal-1.3.1.tar.gz", hash = "sha256:54cd96e15e1649b75d6c87526a6ff0b6c1b0dd3459f43d9ca11d48c339b68cfc", size = 19422 }
wheels = [
    { url = "https://files.pythonhosted.org/packages/76/ac/a7305707cb852b7e16ff80eaf5692309bde30e2b1100a1fcacdc8f731d97/aiosignal-1.3.1-py3-none-any.whl", hash = "sha256:f8376fb07dd1e86a584e4fcdec80b36b7f81aac666ebc724e2c090300dd83b17", size = 7617 },
]

[[package]]
name = "attrs"
version = "24.2.0"
source = { registry = "https://pypi.org/simple" }
sdist = { url = "https://files.pythonhosted.org/packages/fc/0f/aafca9af9315aee06a89ffde799a10a582fe8de76c563ee80bbcdc08b3fb/attrs-24.2.0.tar.gz", hash = "sha256:5cfb1b9148b5b086569baec03f20d7b6bf3bcacc9a42bebf87ffaaca362f6346", size = 792678 }
wheels = [
    { url = "https://files.pythonhosted.org/packages/6a/21/5b6702a7f963e95456c0de2d495f67bf5fd62840ac655dc451586d23d39a/attrs-24.2.0-py3-none-any.whl", hash = "sha256:81921eb96de3191c8258c199618104dd27ac608d9366f5e35d011eae1867ede2", size = 63001 },
]

[[package]]
name = "discord-py"
version = "2.4.0"
source = { registry = "https://pypi.org/simple" }
dependencies = [
    { name = "aiohttp" },
]
sdist = { url = "https://files.pythonhosted.org/packages/39/af/80cab4015722d3bee175509b7249a11d5adf77b5ff4c27f268558079d149/discord_py-2.4.0.tar.gz", hash = "sha256:d07cb2a223a185873a1d0ee78b9faa9597e45b3f6186df21a95cec1e9bcdc9a5", size = 1027707 }
wheels = [
    { url = "https://files.pythonhosted.org/packages/23/10/3c44e9331a5ec3bae8b2919d51f611a5b94e179563b1b89eb6423a8f43eb/discord.py-2.4.0-py3-none-any.whl", hash = "sha256:b8af6711c70f7e62160bfbecb55be699b5cb69d007426759ab8ab06b1bd77d1d", size = 1125988 },
]

[[package]]
name = "frozenlist"
version = "1.4.1"
source = { registry = "https://pypi.org/simple" }
sdist = { url = "https://files.pythonhosted.org/packages/cf/3d/2102257e7acad73efc4a0c306ad3953f68c504c16982bbdfee3ad75d8085/frozenlist-1.4.1.tar.gz", hash = "sha256:c037a86e8513059a2613aaba4d817bb90b9d9b6b69aace3ce9c877e8c8ed402b", size = 37820 }
wheels = [
    { url = "https://files.pythonhosted.org/packages/83/10/466fe96dae1bff622021ee687f68e5524d6392b0a2f80d05001cd3a451ba/frozenlist-1.4.1-py3-none-any.whl", hash = "sha256:04ced3e6a46b4cfffe20f9ae482818e34eba9b5fb0ce4056e4cc9b6e212d09b7", size = 11552 },
]

[[package]]
name = "idna"
version = "3.10"
source = { registry = "https://pypi.org/simple" }
sdist = { url = "https://files.pythonhosted.org/packages/f1/70/7703c29685631f5a7590aa73f1f1d3fa9a380e654b86af429e0934a32f7d/idna-3.10.tar.gz", hash = "sha256:12f65c9b470abda6dc35cf8e63cc574b1c52b11df2c86030af0ac09b01b13ea9", size = 190490 }
wheels = [
    { url = "https://files.pythonhosted.org/packages/76/c6/c88e154df9c4e1a2a66ccf0005a88dfb2650c1dffb6f5ce603dfbd452ce3/idna-3.10-py3-none-any.whl", hash = "sha256:946d195a0d259cbba61165e88e65941f16e9b36ea6ddb97f00452bae8b1287d3", size = 70442 },
]

[[package]]
name = "importlib-metadata"
version = "8.5.0"
source = { registry = "https://pypi.org/simple" }
dependencies = [
    { name = "zipp" },
]
sdist = { url = "https://files.pythonhosted.org/packages/cd/12/33e59336dca5be0c398a7482335911a33aa0e20776128f038019f1a95f1b/importlib_metadata-8.5.0.tar.gz", hash = "sha256:71522656f0abace1d072b9e5481a48f07c138e00f079c38c8f883823f9c26bd7", size = 55304 }
wheels = [
    { url = "https://files.pythonhosted.org/packages/a0/d9/a1e041c5e7caa9a05c925f4bdbdfb7f006d1f74996af53467bc394c97be7/importlib_metadata-8.5.0-py3-none-any.whl", hash = "sha256:45e54197d28b7a7f1559e60b95e7c567032b602131fbd588f1497f47880aa68b", size = 26514 },
]

[[package]]
name = "multidict"
version = "6.1.0"
source = { registry = "https://pypi.org/simple" }
sdist = { url = "https://files.pythonhosted.org/packages/d6/be/504b89a5e9ca731cd47487e91c469064f8ae5af93b7259758dcfc2b9c848/multidict-6.1.0.tar.gz", hash = "sha256:22ae2ebf9b0c69d206c003e2f6a914ea33f0a932d4aa16f236afc049d9958f4a", size = 64002 }
wheels = [
    { url = "https://files.pythonhosted.org/packages/22/67/1c7c0f39fe069aa4e5d794f323be24bf4d33d62d2a348acdb7991f8f30db/multidict-6.1.0-cp313-cp313-macosx_10_13_universal2.whl", hash = "sha256:d569388c381b24671589335a3be6e1d45546c2988c2ebe30fdcada8457a31008", size = 48771 },
    { url = "https://files.pythonhosted.org/packages/3c/25/c186ee7b212bdf0df2519eacfb1981a017bda34392c67542c274651daf23/multidict-6.1.0-cp313-cp313-macosx_10_13_x86_64.whl", hash = "sha256:052e10d2d37810b99cc170b785945421141bf7bb7d2f8799d431e7db229c385f", size = 29533 },
    { url = "https://files.pythonhosted.org/packages/67/5e/04575fd837e0958e324ca035b339cea174554f6f641d3fb2b4f2e7ff44a2/multidict-6.1.0-cp313-cp313-macosx_11_0_arm64.whl", hash = "sha256:f90c822a402cb865e396a504f9fc8173ef34212a342d92e362ca498cad308e28", size = 29595 },
    { url = "https://files.pythonhosted.org/packages/d3/b2/e56388f86663810c07cfe4a3c3d87227f3811eeb2d08450b9e5d19d78876/multidict-6.1.0-cp313-cp313-manylinux_2_17_aarch64.manylinux2014_aarch64.whl", hash = "sha256:b225d95519a5bf73860323e633a664b0d85ad3d5bede6d30d95b35d4dfe8805b", size = 130094 },
    { url = "https://files.pythonhosted.org/packages/6c/ee/30ae9b4186a644d284543d55d491fbd4239b015d36b23fea43b4c94f7052/multidict-6.1.0-cp313-cp313-manylinux_2_17_ppc64le.manylinux2014_ppc64le.whl", hash = "sha256:23bfd518810af7de1116313ebd9092cb9aa629beb12f6ed631ad53356ed6b86c", size = 134876 },
    { url = "https://files.pythonhosted.org/packages/84/c7/70461c13ba8ce3c779503c70ec9d0345ae84de04521c1f45a04d5f48943d/multidict-6.1.0-cp313-cp313-manylinux_2_17_s390x.manylinux2014_s390x.whl", hash = "sha256:5c09fcfdccdd0b57867577b719c69e347a436b86cd83747f179dbf0cc0d4c1f3", size = 133500 },
    { url = "https://files.pythonhosted.org/packages/4a/9f/002af221253f10f99959561123fae676148dd730e2daa2cd053846a58507/multidict-6.1.0-cp313-cp313-manylinux_2_17_x86_64.manylinux2014_x86_64.whl", hash = "sha256:bf6bea52ec97e95560af5ae576bdac3aa3aae0b6758c6efa115236d9e07dae44", size = 131099 },
    { url = "https://files.pythonhosted.org/packages/82/42/d1c7a7301d52af79d88548a97e297f9d99c961ad76bbe6f67442bb77f097/multidict-6.1.0-cp313-cp313-manylinux_2_5_i686.manylinux1_i686.manylinux_2_17_i686.manylinux2014_i686.whl", hash = "sha256:57feec87371dbb3520da6192213c7d6fc892d5589a93db548331954de8248fd2", size = 120403 },
    { url = "https://files.pythonhosted.org/packages/68/f3/471985c2c7ac707547553e8f37cff5158030d36bdec4414cb825fbaa5327/multidict-6.1.0-cp313-cp313-musllinux_1_2_aarch64.whl", hash = "sha256:0c3f390dc53279cbc8ba976e5f8035eab997829066756d811616b652b00a23a3", size = 125348 },
    { url = "https://files.pythonhosted.org/packages/67/2c/e6df05c77e0e433c214ec1d21ddd203d9a4770a1f2866a8ca40a545869a0/multidict-6.1.0-cp313-cp313-musllinux_1_2_i686.whl", hash = "sha256:59bfeae4b25ec05b34f1956eaa1cb38032282cd4dfabc5056d0a1ec4d696d3aa", size = 119673 },
    { url = "https://files.pythonhosted.org/packages/c5/cd/bc8608fff06239c9fb333f9db7743a1b2eafe98c2666c9a196e867a3a0a4/multidict-6.1.0-cp313-cp313-musllinux_1_2_ppc64le.whl", hash = "sha256:b2f59caeaf7632cc633b5cf6fc449372b83bbdf0da4ae04d5be36118e46cc0aa", size = 129927 },
    { url = "https://files.pythonhosted.org/packages/44/8e/281b69b7bc84fc963a44dc6e0bbcc7150e517b91df368a27834299a526ac/multidict-6.1.0-cp313-cp313-musllinux_1_2_s390x.whl", hash = "sha256:37bb93b2178e02b7b618893990941900fd25b6b9ac0fa49931a40aecdf083fe4", size = 128711 },
    { url = "https://files.pythonhosted.org/packages/12/a4/63e7cd38ed29dd9f1881d5119f272c898ca92536cdb53ffe0843197f6c85/multidict-6.1.0-cp313-cp313-musllinux_1_2_x86_64.whl", hash = "sha256:4e9f48f58c2c523d5a06faea47866cd35b32655c46b443f163d08c6d0ddb17d6", size = 125519 },
    { url = "https://files.pythonhosted.org/packages/38/e0/4f5855037a72cd8a7a2f60a3952d9aa45feedb37ae7831642102604e8a37/multidict-6.1.0-cp313-cp313-win32.whl", hash = "sha256:3a37ffb35399029b45c6cc33640a92bef403c9fd388acce75cdc88f58bd19a81", size = 26426 },
    { url = "https://files.pythonhosted.org/packages/7e/a5/17ee3a4db1e310b7405f5d25834460073a8ccd86198ce044dfaf69eac073/multidict-6.1.0-cp313-cp313-win_amd64.whl", hash = "sha256:e9aa71e15d9d9beaad2c6b9319edcdc0a49a43ef5c0a4c8265ca9ee7d6c67774", size = 28531 },
    { url = "https://files.pythonhosted.org/packages/99/b7/b9e70fde2c0f0c9af4cc5277782a89b66d35948ea3369ec9f598358c3ac5/multidict-6.1.0-py3-none-any.whl", hash = "sha256:48e171e52d1c4d33888e529b999e5900356b9ae588c2f09a52dcefb158b27506", size = 10051 },
]

[[package]]
name = "platformdirs"
version = "4.3.6"
source = { registry = "https://pypi.org/simple" }
sdist = { url = "https://files.pythonhosted.org/packages/13/fc/128cc9cb8f03208bdbf93d3aa862e16d376844a14f9a0ce5cf4507372de4/platformdirs-4.3.6.tar.gz", hash = "sha256:357fb2acbc885b0419afd3ce3ed34564c13c9b95c89360cd9563f73aa5e2b907", size = 21302 }
wheels = [
    { url = "https://files.pythonhosted.org/packages/3c/a6/bc1012356d8ece4d66dd75c4b9fc6c1f6650ddd5991e421177d9f8f671be/platformdirs-4.3.6-py3-none-any.whl", hash = "sha256:73e575e1408ab8103900836b97580d5307456908a03e92031bab39e4554cc3fb", size = 18439 },
]

[[package]]
name = "propcache"
version = "0.2.0"
source = { registry = "https://pypi.org/simple" }
sdist = { url = "https://files.pythonhosted.org/packages/a9/4d/5e5a60b78dbc1d464f8a7bbaeb30957257afdc8512cbb9dfd5659304f5cd/propcache-0.2.0.tar.gz", hash = "sha256:df81779732feb9d01e5d513fad0122efb3d53bbc75f61b2a4f29a020bc985e70", size = 40951 }
wheels = [
    { url = "https://files.pythonhosted.org/packages/a8/a7/5f37b69197d4f558bfef5b4bceaff7c43cc9b51adf5bd75e9081d7ea80e4/propcache-0.2.0-cp313-cp313-macosx_10_13_universal2.whl", hash = "sha256:ecddc221a077a8132cf7c747d5352a15ed763b674c0448d811f408bf803d9ad7", size = 78120 },
    { url = "https://files.pythonhosted.org/packages/c8/cd/48ab2b30a6b353ecb95a244915f85756d74f815862eb2ecc7a518d565b48/propcache-0.2.0-cp313-cp313-macosx_10_13_x86_64.whl", hash = "sha256:0e53cb83fdd61cbd67202735e6a6687a7b491c8742dfc39c9e01e80354956763", size = 45127 },
    { url = "https://files.pythonhosted.org/packages/a5/ba/0a1ef94a3412aab057bd996ed5f0ac7458be5bf469e85c70fa9ceb43290b/propcache-0.2.0-cp313-cp313-macosx_11_0_arm64.whl", hash = "sha256:92fe151145a990c22cbccf9ae15cae8ae9eddabfc949a219c9f667877e40853d", size = 44419 },
    { url = "https://files.pythonhosted.org/packages/b4/6c/ca70bee4f22fa99eacd04f4d2f1699be9d13538ccf22b3169a61c60a27fa/propcache-0.2.0-cp313-cp313-manylinux_2_17_aarch64.manylinux2014_aarch64.whl", hash = "sha256:d6a21ef516d36909931a2967621eecb256018aeb11fc48656e3257e73e2e247a", size = 229611 },
    { url = "https://files.pythonhosted.org/packages/19/70/47b872a263e8511ca33718d96a10c17d3c853aefadeb86dc26e8421184b9/propcache-0.2.0-cp313-cp313-manylinux_2_17_ppc64le.manylinux2014_ppc64le.whl", hash = "sha256:3f88a4095e913f98988f5b338c1d4d5d07dbb0b6bad19892fd447484e483ba6b", size = 234005 },
    { url = "https://files.pythonhosted.org/packages/4f/be/3b0ab8c84a22e4a3224719099c1229ddfdd8a6a1558cf75cb55ee1e35c25/propcache-0.2.0-cp313-cp313-manylinux_2_17_s390x.manylinux2014_s390x.whl", hash = "sha256:5a5b3bb545ead161be780ee85a2b54fdf7092815995661947812dde94a40f6fb", size = 237270 },
    { url = "https://files.pythonhosted.org/packages/04/d8/f071bb000d4b8f851d312c3c75701e586b3f643fe14a2e3409b1b9ab3936/propcache-0.2.0-cp313-cp313-manylinux_2_17_x86_64.manylinux2014_x86_64.whl", hash = "sha256:67aeb72e0f482709991aa91345a831d0b707d16b0257e8ef88a2ad246a7280bf", size = 231877 },
    { url = "https://files.pythonhosted.org/packages/93/e7/57a035a1359e542bbb0a7df95aad6b9871ebee6dce2840cb157a415bd1f3/propcache-0.2.0-cp313-cp313-manylinux_2_5_i686.manylinux1_i686.manylinux_2_17_i686.manylinux2014_i686.whl", hash = "sha256:3c997f8c44ec9b9b0bcbf2d422cc00a1d9b9c681f56efa6ca149a941e5560da2", size = 217848 },
    { url = "https://files.pythonhosted.org/packages/f0/93/d1dea40f112ec183398fb6c42fde340edd7bab202411c4aa1a8289f461b6/propcache-0.2.0-cp313-cp313-musllinux_1_2_aarch64.whl", hash = "sha256:2a66df3d4992bc1d725b9aa803e8c5a66c010c65c741ad901e260ece77f58d2f", size = 216987 },
    { url = "https://files.pythonhosted.org/packages/62/4c/877340871251145d3522c2b5d25c16a1690ad655fbab7bb9ece6b117e39f/propcache-0.2.0-cp313-cp313-musllinux_1_2_armv7l.whl", hash = "sha256:3ebbcf2a07621f29638799828b8d8668c421bfb94c6cb04269130d8de4fb7136", size = 212451 },
    { url = "https://files.pythonhosted.org/packages/7c/bb/a91b72efeeb42906ef58ccf0cdb87947b54d7475fee3c93425d732f16a61/propcache-0.2.0-cp313-cp313-musllinux_1_2_i686.whl", hash = "sha256:1235c01ddaa80da8235741e80815ce381c5267f96cc49b1477fdcf8c047ef325", size = 212879 },
    { url = "https://files.pythonhosted.org/packages/9b/7f/ee7fea8faac57b3ec5d91ff47470c6c5d40d7f15d0b1fccac806348fa59e/propcache-0.2.0-cp313-cp313-musllinux_1_2_ppc64le.whl", hash = "sha256:3947483a381259c06921612550867b37d22e1df6d6d7e8361264b6d037595f44", size = 222288 },
    { url = "https://files.pythonhosted.org/packages/ff/d7/acd67901c43d2e6b20a7a973d9d5fd543c6e277af29b1eb0e1f7bd7ca7d2/propcache-0.2.0-cp313-cp313-musllinux_1_2_s390x.whl", hash = "sha256:d5bed7f9805cc29c780f3aee05de3262ee7ce1f47083cfe9f77471e9d6777e83", size = 228257 },
    { url = "https://files.pythonhosted.org/packages/8d/6f/6272ecc7a8daad1d0754cfc6c8846076a8cb13f810005c79b15ce0ef0cf2/propcache-0.2.0-cp313-cp313-musllinux_1_2_x86_64.whl", hash = "sha256:e4a91d44379f45f5e540971d41e4626dacd7f01004826a18cb048e7da7e96544", size = 221075 },
    { url = "https://files.pythonhosted.org/packages/7c/bd/c7a6a719a6b3dd8b3aeadb3675b5783983529e4a3185946aa444d3e078f6/propcache-0.2.0-cp313-cp313-win32.whl", hash = "sha256:f902804113e032e2cdf8c71015651c97af6418363bea8d78dc0911d56c335032", size = 39654 },
    { url = "https://files.pythonhosted.org/packages/88/e7/0eef39eff84fa3e001b44de0bd41c7c0e3432e7648ffd3d64955910f002d/propcache-0.2.0-cp313-cp313-win_amd64.whl", hash = "sha256:8f188cfcc64fb1266f4684206c9de0e80f54622c3f22a910cbd200478aeae61e", size = 43705 },
    { url = "https://files.pythonhosted.org/packages/3d/b6/e6d98278f2d49b22b4d033c9f792eda783b9ab2094b041f013fc69bcde87/propcache-0.2.0-py3-none-any.whl", hash = "sha256:2ccc28197af5313706511fab3a8b66dcd6da067a1331372c82ea1cb74285e036", size = 11603 },
]

[[package]]
name = "tomli"
version = "2.0.2"
source = { registry = "https://pypi.org/simple" }
sdist = { url = "https://files.pythonhosted.org/packages/35/b9/de2a5c0144d7d75a57ff355c0c24054f965b2dc3036456ae03a51ea6264b/tomli-2.0.2.tar.gz", hash = "sha256:d46d457a85337051c36524bc5349dd91b1877838e2979ac5ced3e710ed8a60ed", size = 16096 }
wheels = [
    { url = "https://files.pythonhosted.org/packages/cf/db/ce8eda256fa131af12e0a76d481711abe4681b6923c27efb9a255c9e4594/tomli-2.0.2-py3-none-any.whl", hash = "sha256:2ebe24485c53d303f690b0ec092806a085f07af5a5aa1464f3931eec36caaa38", size = 13237 },
]

[[package]]
name = "yapf"
version = "0.40.2"
source = { registry = "https://pypi.org/simple" }
dependencies = [
    { name = "importlib-metadata" },
    { name = "platformdirs" },
    { name = "tomli" },
]
sdist = { url = "https://files.pythonhosted.org/packages/b9/14/c1f0ebd083fddd38a7c832d5ffde343150bd465689d12c549c303fbcd0f5/yapf-0.40.2.tar.gz", hash = "sha256:4dab8a5ed7134e26d57c1647c7483afb3f136878b579062b786c9ba16b94637b", size = 252068 }
wheels = [
    { url = "https://files.pythonhosted.org/packages/66/c9/d4b03b2490107f13ebd68fe9496d41ae41a7de6275ead56d0d4621b11ffd/yapf-0.40.2-py3-none-any.whl", hash = "sha256:adc8b5dd02c0143108878c499284205adb258aad6db6634e5b869e7ee2bd548b", size = 254707 },
]

[[package]]
name = "yarl"
version = "1.14.0"
source = { registry = "https://pypi.org/simple" }
dependencies = [
    { name = "idna" },
    { name = "multidict" },
    { name = "propcache" },
]
sdist = { url = "https://files.pythonhosted.org/packages/46/fe/2ca2e5ef45952f3e8adb95659821a4e9169d8bbafab97eb662602ee12834/yarl-1.14.0.tar.gz", hash = "sha256:88c7d9d58aab0724b979ab5617330acb1c7030b79379c8138c1c8c94e121d1b3", size = 166127 }
wheels = [
    { url = "https://files.pythonhosted.org/packages/f0/cf/ade2a0f0acdbfb7ca1843045a8d1691edcde4caf2dc8995c4b6dd1c6968c/yarl-1.14.0-cp313-cp313-macosx_10_13_universal2.whl", hash = "sha256:5d02d700705d67e09e1f57681f758f0b9d4412eeb70b2eb8d96ca6200b486db3", size = 134274 },
    { url = "https://files.pythonhosted.org/packages/76/c8/a9e17ac8d81bcd1dc9eca197b25c46b10317092e92ac772094ab3edf57ac/yarl-1.14.0-cp313-cp313-macosx_10_13_x86_64.whl", hash = "sha256:30600ba5db60f7c0820ef38a2568bb7379e1418ecc947a0f76fd8b2ff4257a97", size = 87396 },
    { url = "https://files.pythonhosted.org/packages/3f/a8/ab76e6ede9fdb5087df39e7b1c92d08eb6e58e7c4a0a3b2b6112a74cb4af/yarl-1.14.0-cp313-cp313-macosx_11_0_arm64.whl", hash = "sha256:e85d86527baebb41a214cc3b45c17177177d900a2ad5783dbe6f291642d4906f", size = 85240 },
    { url = "https://files.pythonhosted.org/packages/f2/1e/809b44e498c67e86c889b919d155ef6978bfabdf7d7e458922ba8f5e67be/yarl-1.14.0-cp313-cp313-manylinux_2_17_aarch64.manylinux2014_aarch64.whl", hash = "sha256:37001e5d4621cef710c8dc1429ca04e189e572f128ab12312eab4e04cf007132", size = 324884 },
    { url = "https://files.pythonhosted.org/packages/b3/88/a4385930e0653ddea4234cbca161882d7de2aa963ca6f3962a1c77dddaad/yarl-1.14.0-cp313-cp313-manylinux_2_17_ppc64le.manylinux2014_ppc64le.whl", hash = "sha256:f4f4547944d4f5cfcdc03f3f097d6f05bbbc915eaaf80a2ee120d0e756de377d", size = 334245 },
    { url = "https://files.pythonhosted.org/packages/21/fb/6fc8d66bc24f5913427bc8a0a4c2529bc0763ccf855062d70c21e5eb51b6/yarl-1.14.0-cp313-cp313-manylinux_2_17_s390x.manylinux2014_s390x.whl", hash = "sha256:75ff4c819757f9bdb35de049a509814d6ce851fe26f06eb95a392a5640052482", size = 335989 },
    { url = "https://files.pythonhosted.org/packages/74/bf/2c493c45589e98833ec8c4e3c5fff8d30f875513bc207361ac822459cb69/yarl-1.14.0-cp313-cp313-manylinux_2_17_x86_64.manylinux2014_x86_64.whl", hash = "sha256:68ac1a09392ed6e3fd14be880d39b951d7b981fd135416db7d18a6208c536561", size = 330270 },
    { url = "https://files.pythonhosted.org/packages/01/ce/1cb0ee93ef3ec827a2d0287936696f68b1743c6f4540251f61cb76d51b63/yarl-1.14.0-cp313-cp313-manylinux_2_5_i686.manylinux1_i686.manylinux_2_17_i686.manylinux2014_i686.whl", hash = "sha256:96952f642ac69075e44c7d0284528938fdff39422a1d90d3e45ce40b72e5e2d9", size = 316668 },
    { url = "https://files.pythonhosted.org/packages/de/e5/edfdcf4f569eb14cb1e86a451e64ae7052e058147890ab43ecfe06c9272f/yarl-1.14.0-cp313-cp313-musllinux_1_2_aarch64.whl", hash = "sha256:a56fbe3d7f3bce1d060ea18d2413a2ca9ca814eea7cedc4d247b5f338d54844e", size = 331048 },
    { url = "https://files.pythonhosted.org/packages/e6/0a/eeea8057a19f38f07af826954c5199a19ac229823097a0a2f8346c2d9b00/yarl-1.14.0-cp313-cp313-musllinux_1_2_i686.whl", hash = "sha256:7e2637d75e92763d1322cb5041573279ec43a80c0f7fbbd2d64f5aee98447b17", size = 335671 },
    { url = "https://files.pythonhosted.org/packages/fd/c8/7e727938615a50cf413d00ea4e80872e43778d3cb36b2ff05a55ba43addf/yarl-1.14.0-cp313-cp313-musllinux_1_2_ppc64le.whl", hash = "sha256:9abe80ae2c9d37c17599557b712e6515f4100a80efb2cda15f5f070306477cd2", size = 342064 },
    { url = "https://files.pythonhosted.org/packages/38/84/5fdf90939f35bac0e3e34f43dbdb6ff2f2d4bc151885a9a4b50fd4a62d6d/yarl-1.14.0-cp313-cp313-musllinux_1_2_s390x.whl", hash = "sha256:217a782020b875538eebf3948fac3a7f9bbbd0fd9bf8538f7c2ad7489e80f4e8", size = 350695 },
    { url = "https://files.pythonhosted.org/packages/b3/c1/a27587f7178e41b0f047b83b49104fb6043f4e0a0141d4c156c6cf0a978a/yarl-1.14.0-cp313-cp313-musllinux_1_2_x86_64.whl", hash = "sha256:b9cfef3f14f75bf6aba73a76caf61f9d00865912a04a4393c468a7ce0981b519", size = 345151 },
    { url = "https://files.pythonhosted.org/packages/0d/04/394d0d757055b7e8b60d7eb1f9647f200399e6ec57c8a2efc842f49d8487/yarl-1.14.0-cp313-cp313-win32.whl", hash = "sha256:d8361c7d04e6a264481f0b802e395f647cd3f8bbe27acfa7c12049efea675bd1", size = 301897 },
    { url = "https://files.pythonhosted.org/packages/b4/14/63cebb6261f49c9b3db6b20e7c4eb6131524e41f4cd402225e0a3e2bf479/yarl-1.14.0-cp313-cp313-win_amd64.whl", hash = "sha256:bc24f968b82455f336b79bf37dbb243b7d76cd40897489888d663d4e028f5069", size = 307546 },
    { url = "https://files.pythonhosted.org/packages/fd/37/6c30afb708ab45f3da32229c77d9a25dfc8ead2ae3ec1f1ea9425172d070/yarl-1.14.0-py3-none-any.whl", hash = "sha256:c8ed4034f0765f8861620c1f2f2364d2e58520ea288497084dae880424fc0d9f", size = 38166 },
]

[[package]]
name = "zipp"
version = "3.20.2"
source = { registry = "https://pypi.org/simple" }
sdist = { url = "https://files.pythonhosted.org/packages/54/bf/5c0000c44ebc80123ecbdddba1f5dcd94a5ada602a9c225d84b5aaa55e86/zipp-3.20.2.tar.gz", hash = "sha256:bc9eb26f4506fda01b81bcde0ca78103b6e62f991b381fec825435c836edbc29", size = 24199 }
wheels = [
    { url = "https://files.pythonhosted.org/packages/62/8b/5ba542fa83c90e09eac972fc9baca7a88e7e7ca4b221a89251954019308b/zipp-3.20.2-py3-none-any.whl", hash = "sha256:a817ac80d6cf4b23bf7f2828b7cabf326f15a001bea8b1f9b49631780ba28350", size = 9200 },
]
